
Microsoft Visual Studio Solution File, Format Version 12.00
# Visual Studio 2013
VisualStudioVersion = 12.0.21005.1
MinimumVisualStudioVersion = 10.0.40219.1
Project("{FAE04EC0-301F-11D3-BF4B-00C04F79EFBC}") = "sscq.interfaces", "sscq.interfaces\sscq.interfaces.csproj", "{DFA304BD-5830-4EC9-995B-8E3605911FF4}"
EndProject
Project("{FAE04EC0-301F-11D3-BF4B-00C04F79EFBC}") = "sscq.spiderman", "sscq.spiderman\sscq.spiderman.csproj", "{997A7C3D-B6AA-4ADA-BFE1-5D68449FCBF4}"
EndProject
Project("{FAE04EC0-301F-11D3-BF4B-00C04F79EFBC}") = "sscq.services", "sscq.services\sscq.services.csproj", "{A85BAF53-2421-40CB-A7DB-343AF027DA46}"
EndProject
Global
	GlobalSection(SolutionConfigurationPlatforms) = preSolution
		Debug|Any CPU = Debug|Any CPU
		Release|Any CPU = Release|Any CPU
	EndGlobalSection
	GlobalSection(ProjectConfigurationPlatforms) = postSolution
		{DFA304BD-5830-4EC9-995B-8E3605911FF4}.Debug|Any CPU.ActiveCfg = Debug|Any CPU
		{DFA304BD-5830-4EC9-995B-8E3605911FF4}.Debug|Any CPU.Build.0 = Debug|Any CPU
		{DFA304BD-5830-4EC9-995B-8E3605911FF4}.Release|Any CPU.ActiveCfg = Release|Any CPU
		{DFA304BD-5830-4EC9-995B-8E3605911FF4}.Release|Any CPU.Build.0 = Release|Any CPU
		{997A7C3D-B6AA-4ADA-BFE1-5D68449FCBF4}.Debug|Any CPU.ActiveCfg = Debug|Any CPU
		{997A7C3D-B6AA-4ADA-BFE1-5D68449FCBF4}.Debug|Any CPU.Build.0 = Debug|Any CPU
		{997A7C3D-B6AA-4ADA-BFE1-5D68449FCBF4}.Release|Any CPU.ActiveCfg = Release|Any CPU
		{997A7C3D-B6AA-4ADA-BFE1-5D68449FCBF4}.Release|Any CPU.Build.0 = Release|Any CPU
		{A85BAF53-2421-40CB-A7DB-343AF027DA46}.Debug|Any CPU.ActiveCfg = Debug|Any CPU
		{A85BAF53-2421-40CB-A7DB-343AF027DA46}.Debug|Any CPU.Build.0 = Debug|Any CPU
		{A85BAF53-2421-40CB-A7DB-343AF027DA46}.Release|Any CPU.ActiveCfg = Release|Any CPU
		{A85BAF53-2421-40CB-A7DB-343AF027DA46}.Release|Any CPU.Build.0 = Release|Any CPU
	EndGlobalSection
	GlobalSection(SolutionProperties) = preSolution
		HideSolutionNode = FALSE
	EndGlobalSection
EndGlobal
